
Microsoft Visual Studio Solution File, Format Version 12.00
# Visual Studio Version 17
VisualStudioVersion = 17.0.31903.59
MinimumVisualStudioVersion = 10.0.40219.1
Project("{2150E333-8FDC-42A3-9474-1A3956D46DE8}") = "src", "src", "{827E0CD3-B72D-47B6-A68D-7590B98EB39B}"
EndProject
Project("{FAE04EC0-301F-11D3-BF4B-00C04F79EFBC}") = "Dharma.Api", "src\Dharma.Api\Dharma.Api.csproj", "{EA4082C3-0AF2-44A0-B615-CCF7DB81F595}"
EndProject
Project("{FAE04EC0-301F-11D3-BF4B-00C04F79EFBC}") = "Dharma.Shared", "src\Dharma.Shared\Dharma.Shared.csproj", "{68302991-D3D7-437E-A964-687862576162}"
EndProject
Project("{FAE04EC0-301F-11D3-BF4B-00C04F79EFBC}") = "Identity", "src\Identity\Identity.csproj", "{19DFD880-3E3D-4A36-81EF-AED47803ED85}"
EndProject
Project("{FAE04EC0-301F-11D3-BF4B-00C04F79EFBC}") = "Customer", "src\Customer\Customer.csproj", "{C6752A0A-49D6-483B-98A9-C9238C02B7BD}"
EndProject
Project("{FAE04EC0-301F-11D3-BF4B-00C04F79EFBC}") = "Pandit", "src\Pandit\Pandit.csproj", "{60E23DCA-38CE-4460-B54A-99284C5F82B5}"
EndProject
Project("{FAE04EC0-301F-11D3-BF4B-00C04F79EFBC}") = "PoojaSamagri", "src\PoojaSamagri\PoojaSamagri.csproj", "{D3FD8105-59CD-4E04-BB4C-1B4132E34AB4}"
EndProject
Project("{FAE04EC0-301F-11D3-BF4B-00C04F79EFBC}") = "Restaurant", "src\Restaurant\Restaurant.csproj", "{C2772988-9F14-4049-9EB1-F76A9E29B50A}"
EndProject
Project("{FAE04EC0-301F-11D3-BF4B-00C04F79EFBC}") = "Delivery", "src\Delivery\Delivery.csproj", "{1E842AE5-4DE3-4C90-B71A-4D33FB2A8B6A}"
EndProject
Project("{FAE04EC0-301F-11D3-BF4B-00C04F79EFBC}") = "Booking", "src\Booking\Booking.csproj", "{81E31582-535F-4BC4-954D-B9C810FB46D3}"
EndProject
Project("{FAE04EC0-301F-11D3-BF4B-00C04F79EFBC}") = "Order", "src\Order\Order.csproj", "{556CBF8B-2EF8-4135-8528-8681B8E4DCBD}"
EndProject
Project("{FAE04EC0-301F-11D3-BF4B-00C04F79EFBC}") = "Payment", "src\Payment\Payment.csproj", "{6A779A70-83B0-4084-8FDA-E83991857A84}"
EndProject
Project("{FAE04EC0-301F-11D3-BF4B-00C04F79EFBC}") = "Notification", "src\Notification\Notification.csproj", "{E377E380-D847-4F36-B1A8-B180AFBFB620}"
EndProject
Project("{2150E333-8FDC-42A3-9474-1A3956D46DE8}") = "tests", "tests", "{0AB3BF05-4346-4AA6-1389-037BE0695223}"
EndProject
Project("{FAE04EC0-301F-11D3-BF4B-00C04F79EFBC}") = "Dharma.Api.Tests", "tests\Dharma.Api.Tests\Dharma.Api.Tests.csproj", "{992C497E-FE15-406E-A0DE-E1BC6AA427E1}"
EndProject
Global
	GlobalSection(SolutionConfigurationPlatforms) = preSolution
		Debug|Any CPU = Debug|Any CPU
		Debug|x64 = Debug|x64
		Debug|x86 = Debug|x86
		Release|Any CPU = Release|Any CPU
		Release|x64 = Release|x64
		Release|x86 = Release|x86
	EndGlobalSection
	GlobalSection(ProjectConfigurationPlatforms) = postSolution
		{EA4082C3-0AF2-44A0-B615-CCF7DB81F595}.Debug|Any CPU.ActiveCfg = Debug|Any CPU
		{EA4082C3-0AF2-44A0-B615-CCF7DB81F595}.Debug|Any CPU.Build.0 = Debug|Any CPU
		{EA4082C3-0AF2-44A0-B615-CCF7DB81F595}.Debug|x64.ActiveCfg = Debug|Any CPU
		{EA4082C3-0AF2-44A0-B615-CCF7DB81F595}.Debug|x64.Build.0 = Debug|Any CPU
		{EA4082C3-0AF2-44A0-B615-CCF7DB81F595}.Debug|x86.ActiveCfg = Debug|Any CPU
		{EA4082C3-0AF2-44A0-B615-CCF7DB81F595}.Debug|x86.Build.0 = Debug|Any CPU
		{EA4082C3-0AF2-44A0-B615-CCF7DB81F595}.Release|Any CPU.ActiveCfg = Release|Any CPU
		{EA4082C3-0AF2-44A0-B615-CCF7DB81F595}.Release|Any CPU.Build.0 = Release|Any CPU
		{EA4082C3-0AF2-44A0-B615-CCF7DB81F595}.Release|x64.ActiveCfg = Release|Any CPU
		{EA4082C3-0AF2-44A0-B615-CCF7DB81F595}.Release|x64.Build.0 = Release|Any CPU
		{EA4082C3-0AF2-44A0-B615-CCF7DB81F595}.Release|x86.ActiveCfg = Release|Any CPU
		{EA4082C3-0AF2-44A0-B615-CCF7DB81F595}.Release|x86.Build.0 = Release|Any CPU
		{68302991-D3D7-437E-A964-687862576162}.Debug|Any CPU.ActiveCfg = Debug|Any CPU
		{68302991-D3D7-437E-A964-687862576162}.Debug|Any CPU.Build.0 = Debug|Any CPU
		{68302991-D3D7-437E-A964-687862576162}.Debug|x64.ActiveCfg = Debug|Any CPU
		{68302991-D3D7-437E-A964-687862576162}.Debug|x64.Build.0 = Debug|Any CPU
		{68302991-D3D7-437E-A964-687862576162}.Debug|x86.ActiveCfg = Debug|Any CPU
		{68302991-D3D7-437E-A964-687862576162}.Debug|x86.Build.0 = Debug|Any CPU
		{68302991-D3D7-437E-A964-687862576162}.Release|Any CPU.ActiveCfg = Release|Any CPU
		{68302991-D3D7-437E-A964-687862576162}.Release|Any CPU.Build.0 = Release|Any CPU
		{68302991-D3D7-437E-A964-687862576162}.Release|x64.ActiveCfg = Release|Any CPU
		{68302991-D3D7-437E-A964-687862576162}.Release|x64.Build.0 = Release|Any CPU
		{68302991-D3D7-437E-A964-687862576162}.Release|x86.ActiveCfg = Release|Any CPU
		{68302991-D3D7-437E-A964-687862576162}.Release|x86.Build.0 = Release|Any CPU
		{19DFD880-3E3D-4A36-81EF-AED47803ED85}.Debug|Any CPU.ActiveCfg = Debug|Any CPU
		{19DFD880-3E3D-4A36-81EF-AED47803ED85}.Debug|Any CPU.Build.0 = Debug|Any CPU
		{19DFD880-3E3D-4A36-81EF-AED47803ED85}.Debug|x64.ActiveCfg = Debug|Any CPU
		{19DFD880-3E3D-4A36-81EF-AED47803ED85}.Debug|x64.Build.0 = Debug|Any CPU
		{19DFD880-3E3D-4A36-81EF-AED47803ED85}.Debug|x86.ActiveCfg = Debug|Any CPU
		{19DFD880-3E3D-4A36-81EF-AED47803ED85}.Debug|x86.Build.0 = Debug|Any CPU
		{19DFD880-3E3D-4A36-81EF-AED47803ED85}.Release|Any CPU.ActiveCfg = Release|Any CPU
		{19DFD880-3E3D-4A36-81EF-AED47803ED85}.Release|Any CPU.Build.0 = Release|Any CPU
		{19DFD880-3E3D-4A36-81EF-AED47803ED85}.Release|x64.ActiveCfg = Release|Any CPU
		{19DFD880-3E3D-4A36-81EF-AED47803ED85}.Release|x64.Build.0 = Release|Any CPU
		{19DFD880-3E3D-4A36-81EF-AED47803ED85}.Release|x86.ActiveCfg = Release|Any CPU
		{19DFD880-3E3D-4A36-81EF-AED47803ED85}.Release|x86.Build.0 = Release|Any CPU
		{C6752A0A-49D6-483B-98A9-C9238C02B7BD}.Debug|Any CPU.ActiveCfg = Debug|Any CPU
		{C6752A0A-49D6-483B-98A9-C9238C02B7BD}.Debug|Any CPU.Build.0 = Debug|Any CPU
		{C6752A0A-49D6-483B-98A9-C9238C02B7BD}.Debug|x64.ActiveCfg = Debug|Any CPU
		{C6752A0A-49D6-483B-98A9-C9238C02B7BD}.Debug|x64.Build.0 = Debug|Any CPU
		{C6752A0A-49D6-483B-98A9-C9238C02B7BD}.Debug|x86.ActiveCfg = Debug|Any CPU
		{C6752A0A-49D6-483B-98A9-C9238C02B7BD}.Debug|x86.Build.0 = Debug|Any CPU
		{C6752A0A-49D6-483B-98A9-C9238C02B7BD}.Release|Any CPU.ActiveCfg = Release|Any CPU
		{C6752A0A-49D6-483B-98A9-C9238C02B7BD}.Release|Any CPU.Build.0 = Release|Any CPU
		{C6752A0A-49D6-483B-98A9-C9238C02B7BD}.Release|x64.ActiveCfg = Release|Any CPU
		{C6752A0A-49D6-483B-98A9-C9238C02B7BD}.Release|x64.Build.0 = Release|Any CPU
		{C6752A0A-49D6-483B-98A9-C9238C02B7BD}.Release|x86.ActiveCfg = Release|Any CPU
		{C6752A0A-49D6-483B-98A9-C9238C02B7BD}.Release|x86.Build.0 = Release|Any CPU
		{60E23DCA-38CE-4460-B54A-99284C5F82B5}.Debug|Any CPU.ActiveCfg = Debug|Any CPU
		{60E23DCA-38CE-4460-B54A-99284C5F82B5}.Debug|Any CPU.Build.0 = Debug|Any CPU
		{60E23DCA-38CE-4460-B54A-99284C5F82B5}.Debug|x64.ActiveCfg = Debug|Any CPU
		{60E23DCA-38CE-4460-B54A-99284C5F82B5}.Debug|x64.Build.0 = Debug|Any CPU
		{60E23DCA-38CE-4460-B54A-99284C5F82B5}.Debug|x86.ActiveCfg = Debug|Any CPU
		{60E23DCA-38CE-4460-B54A-99284C5F82B5}.Debug|x86.Build.0 = Debug|Any CPU
		{60E23DCA-38CE-4460-B54A-99284C5F82B5}.Release|Any CPU.ActiveCfg = Release|Any CPU
		{60E23DCA-38CE-4460-B54A-99284C5F82B5}.Release|Any CPU.Build.0 = Release|Any CPU
		{60E23DCA-38CE-4460-B54A-99284C5F82B5}.Release|x64.ActiveCfg = Release|Any CPU
		{60E23DCA-38CE-4460-B54A-99284C5F82B5}.Release|x64.Build.0 = Release|Any CPU
		{60E23DCA-38CE-4460-B54A-99284C5F82B5}.Release|x86.ActiveCfg = Release|Any CPU
		{60E23DCA-38CE-4460-B54A-99284C5F82B5}.Release|x86.Build.0 = Release|Any CPU
		{D3FD8105-59CD-4E04-BB4C-1B4132E34AB4}.Debug|Any CPU.ActiveCfg = Debug|Any CPU
		{D3FD8105-59CD-4E04-BB4C-1B4132E34AB4}.Debug|Any CPU.Build.0 = Debug|Any CPU
		{D3FD8105-59CD-4E04-BB4C-1B4132E34AB4}.Debug|x64.ActiveCfg = Debug|Any CPU
		{D3FD8105-59CD-4E04-BB4C-1B4132E34AB4}.Debug|x64.Build.0 = Debug|Any CPU
		{D3FD8105-59CD-4E04-BB4C-1B4132E34AB4}.Debug|x86.ActiveCfg = Debug|Any CPU
		{D3FD8105-59CD-4E04-BB4C-1B4132E34AB4}.Debug|x86.Build.0 = Debug|Any CPU
		{D3FD8105-59CD-4E04-BB4C-1B4132E34AB4}.Release|Any CPU.ActiveCfg = Release|Any CPU
		{D3FD8105-59CD-4E04-BB4C-1B4132E34AB4}.Release|Any CPU.Build.0 = Release|Any CPU
		{D3FD8105-59CD-4E04-BB4C-1B4132E34AB4}.Release|x64.ActiveCfg = Release|Any CPU
		{D3FD8105-59CD-4E04-BB4C-1B4132E34AB4}.Release|x64.Build.0 = Release|Any CPU
		{D3FD8105-59CD-4E04-BB4C-1B4132E34AB4}.Release|x86.ActiveCfg = Release|Any CPU
		{D3FD8105-59CD-4E04-BB4C-1B4132E34AB4}.Release|x86.Build.0 = Release|Any CPU
		{C2772988-9F14-4049-9EB1-F76A9E29B50A}.Debug|Any CPU.ActiveCfg = Debug|Any CPU
		{C2772988-9F14-4049-9EB1-F76A9E29B50A}.Debug|Any CPU.Build.0 = Debug|Any CPU
		{C2772988-9F14-4049-9EB1-F76A9E29B50A}.Debug|x64.ActiveCfg = Debug|Any CPU
		{C2772988-9F14-4049-9EB1-F76A9E29B50A}.Debug|x64.Build.0 = Debug|Any CPU
		{C2772988-9F14-4049-9EB1-F76A9E29B50A}.Debug|x86.ActiveCfg = Debug|Any CPU
		{C2772988-9F14-4049-9EB1-F76A9E29B50A}.Debug|x86.Build.0 = Debug|Any CPU
		{C2772988-9F14-4049-9EB1-F76A9E29B50A}.Release|Any CPU.ActiveCfg = Release|Any CPU
		{C2772988-9F14-4049-9EB1-F76A9E29B50A}.Release|Any CPU.Build.0 = Release|Any CPU
		{C2772988-9F14-4049-9EB1-F76A9E29B50A}.Release|x64.ActiveCfg = Release|Any CPU
		{C2772988-9F14-4049-9EB1-F76A9E29B50A}.Release|x64.Build.0 = Release|Any CPU
		{C2772988-9F14-4049-9EB1-F76A9E29B50A}.Release|x86.ActiveCfg = Release|Any CPU
		{C2772988-9F14-4049-9EB1-F76A9E29B50A}.Release|x86.Build.0 = Release|Any CPU
		{1E842AE5-4DE3-4C90-B71A-4D33FB2A8B6A}.Debug|Any CPU.ActiveCfg = Debug|Any CPU
		{1E842AE5-4DE3-4C90-B71A-4D33FB2A8B6A}.Debug|Any CPU.Build.0 = Debug|Any CPU
		{1E842AE5-4DE3-4C90-B71A-4D33FB2A8B6A}.Debug|x64.ActiveCfg = Debug|Any CPU
		{1E842AE5-4DE3-4C90-B71A-4D33FB2A8B6A}.Debug|x64.Build.0 = Debug|Any CPU
		{1E842AE5-4DE3-4C90-B71A-4D33FB2A8B6A}.Debug|x86.ActiveCfg = Debug|Any CPU
		{1E842AE5-4DE3-4C90-B71A-4D33FB2A8B6A}.Debug|x86.Build.0 = Debug|Any CPU
		{1E842AE5-4DE3-4C90-B71A-4D33FB2A8B6A}.Release|Any CPU.ActiveCfg = Release|Any CPU
		{1E842AE5-4DE3-4C90-B71A-4D33FB2A8B6A}.Release|Any CPU.Build.0 = Release|Any CPU
		{1E842AE5-4DE3-4C90-B71A-4D33FB2A8B6A}.Release|x64.ActiveCfg = Release|Any CPU
		{1E842AE5-4DE3-4C90-B71A-4D33FB2A8B6A}.Release|x64.Build.0 = Release|Any CPU
		{1E842AE5-4DE3-4C90-B71A-4D33FB2A8B6A}.Release|x86.ActiveCfg = Release|Any CPU
		{1E842AE5-4DE3-4C90-B71A-4D33FB2A8B6A}.Release|x86.Build.0 = Release|Any CPU
		{81E31582-535F-4BC4-954D-B9C810FB46D3}.Debug|Any CPU.ActiveCfg = Debug|Any CPU
		{81E31582-535F-4BC4-954D-B9C810FB46D3}.Debug|Any CPU.Build.0 = Debug|Any CPU
		{81E31582-535F-4BC4-954D-B9C810FB46D3}.Debug|x64.ActiveCfg = Debug|Any CPU
		{81E31582-535F-4BC4-954D-B9C810FB46D3}.Debug|x64.Build.0 = Debug|Any CPU
		{81E31582-535F-4BC4-954D-B9C810FB46D3}.Debug|x86.ActiveCfg = Debug|Any CPU
		{81E31582-535F-4BC4-954D-B9C810FB46D3}.Debug|x86.Build.0 = Debug|Any CPU
		{81E31582-535F-4BC4-954D-B9C810FB46D3}.Release|Any CPU.ActiveCfg = Release|Any CPU
		{81E31582-535F-4BC4-954D-B9C810FB46D3}.Release|Any CPU.Build.0 = Release|Any CPU
		{81E31582-535F-4BC4-954D-B9C810FB46D3}.Release|x64.ActiveCfg = Release|Any CPU
		{81E31582-535F-4BC4-954D-B9C810FB46D3}.Release|x64.Build.0 = Release|Any CPU
		{81E31582-535F-4BC4-954D-B9C810FB46D3}.Release|x86.ActiveCfg = Release|Any CPU
		{81E31582-535F-4BC4-954D-B9C810FB46D3}.Release|x86.Build.0 = Release|Any CPU
		{556CBF8B-2EF8-4135-8528-8681B8E4DCBD}.Debug|Any CPU.ActiveCfg = Debug|Any CPU
		{556CBF8B-2EF8-4135-8528-8681B8E4DCBD}.Debug|Any CPU.Build.0 = Debug|Any CPU
		{556CBF8B-2EF8-4135-8528-8681B8E4DCBD}.Debug|x64.ActiveCfg = Debug|Any CPU
		{556CBF8B-2EF8-4135-8528-8681B8E4DCBD}.Debug|x64.Build.0 = Debug|Any CPU
		{556CBF8B-2EF8-4135-8528-8681B8E4DCBD}.Debug|x86.ActiveCfg = Debug|Any CPU
		{556CBF8B-2EF8-4135-8528-8681B8E4DCBD}.Debug|x86.Build.0 = Debug|Any CPU
		{556CBF8B-2EF8-4135-8528-8681B8E4DCBD}.Release|Any CPU.ActiveCfg = Release|Any CPU
		{556CBF8B-2EF8-4135-8528-8681B8E4DCBD}.Release|Any CPU.Build.0 = Release|Any CPU
		{556CBF8B-2EF8-4135-8528-8681B8E4DCBD}.Release|x64.ActiveCfg = Release|Any CPU
		{556CBF8B-2EF8-4135-8528-8681B8E4DCBD}.Release|x64.Build.0 = Release|Any CPU
		{556CBF8B-2EF8-4135-8528-8681B8E4DCBD}.Release|x86.ActiveCfg = Release|Any CPU
		{556CBF8B-2EF8-4135-8528-8681B8E4DCBD}.Release|x86.Build.0 = Release|Any CPU
		{6A779A70-83B0-4084-8FDA-E83991857A84}.Debug|Any CPU.ActiveCfg = Debug|Any CPU
		{6A779A70-83B0-4084-8FDA-E83991857A84}.Debug|Any CPU.Build.0 = Debug|Any CPU
		{6A779A70-83B0-4084-8FDA-E83991857A84}.Debug|x64.ActiveCfg = Debug|Any CPU
		{6A779A70-83B0-4084-8FDA-E83991857A84}.Debug|x64.Build.0 = Debug|Any CPU
		{6A779A70-83B0-4084-8FDA-E83991857A84}.Debug|x86.ActiveCfg = Debug|Any CPU
		{6A779A70-83B0-4084-8FDA-E83991857A84}.Debug|x86.Build.0 = Debug|Any CPU
		{6A779A70-83B0-4084-8FDA-E83991857A84}.Release|Any CPU.ActiveCfg = Release|Any CPU
		{6A779A70-83B0-4084-8FDA-E83991857A84}.Release|Any CPU.Build.0 = Release|Any CPU
		{6A779A70-83B0-4084-8FDA-E83991857A84}.Release|x64.ActiveCfg = Release|Any CPU
		{6A779A70-83B0-4084-8FDA-E83991857A84}.Release|x64.Build.0 = Release|Any CPU
		{6A779A70-83B0-4084-8FDA-E83991857A84}.Release|x86.ActiveCfg = Release|Any CPU
		{6A779A70-83B0-4084-8FDA-E83991857A84}.Release|x86.Build.0 = Release|Any CPU
		{E377E380-D847-4F36-B1A8-B180AFBFB620}.Debug|Any CPU.ActiveCfg = Debug|Any CPU
		{E377E380-D847-4F36-B1A8-B180AFBFB620}.Debug|Any CPU.Build.0 = Debug|Any CPU
		{E377E380-D847-4F36-B1A8-B180AFBFB620}.Debug|x64.ActiveCfg = Debug|Any CPU
		{E377E380-D847-4F36-B1A8-B180AFBFB620}.Debug|x64.Build.0 = Debug|Any CPU
		{E377E380-D847-4F36-B1A8-B180AFBFB620}.Debug|x86.ActiveCfg = Debug|Any CPU
		{E377E380-D847-4F36-B1A8-B180AFBFB620}.Debug|x86.Build.0 = Debug|Any CPU
		{E377E380-D847-4F36-B1A8-B180AFBFB620}.Release|Any CPU.ActiveCfg = Release|Any CPU
		{E377E380-D847-4F36-B1A8-B180AFBFB620}.Release|Any CPU.Build.0 = Release|Any CPU
		{E377E380-D847-4F36-B1A8-B180AFBFB620}.Release|x64.ActiveCfg = Release|Any CPU
		{E377E380-D847-4F36-B1A8-B180AFBFB620}.Release|x64.Build.0 = Release|Any CPU
		{E377E380-D847-4F36-B1A8-B180AFBFB620}.Release|x86.ActiveCfg = Release|Any CPU
		{E377E380-D847-4F36-B1A8-B180AFBFB620}.Release|x86.Build.0 = Release|Any CPU
		{992C497E-FE15-406E-A0DE-E1BC6AA427E1}.Debug|Any CPU.ActiveCfg = Debug|Any CPU
		{992C497E-FE15-406E-A0DE-E1BC6AA427E1}.Debug|Any CPU.Build.0 = Debug|Any CPU
		{992C497E-FE15-406E-A0DE-E1BC6AA427E1}.Debug|x64.ActiveCfg = Debug|Any CPU
		{992C497E-FE15-406E-A0DE-E1BC6AA427E1}.Debug|x64.Build.0 = Debug|Any CPU
		{992C497E-FE15-406E-A0DE-E1BC6AA427E1}.Debug|x86.ActiveCfg = Debug|Any CPU
		{992C497E-FE15-406E-A0DE-E1BC6AA427E1}.Debug|x86.Build.0 = Debug|Any CPU
		{992C497E-FE15-406E-A0DE-E1BC6AA427E1}.Release|Any CPU.ActiveCfg = Release|Any CPU
		{992C497E-FE15-406E-A0DE-E1BC6AA427E1}.Release|Any CPU.Build.0 = Release|Any CPU
		{992C497E-FE15-406E-A0DE-E1BC6AA427E1}.Release|x64.ActiveCfg = Release|Any CPU
		{992C497E-FE15-406E-A0DE-E1BC6AA427E1}.Release|x64.Build.0 = Release|Any CPU
		{992C497E-FE15-406E-A0DE-E1BC6AA427E1}.Release|x86.ActiveCfg = Release|Any CPU
		{992C497E-FE15-406E-A0DE-E1BC6AA427E1}.Release|x86.Build.0 = Release|Any CPU
	EndGlobalSection
	GlobalSection(SolutionProperties) = preSolution
		HideSolutionNode = FALSE
	EndGlobalSection
	GlobalSection(NestedProjects) = preSolution
		{EA4082C3-0AF2-44A0-B615-CCF7DB81F595} = {827E0CD3-B72D-47B6-A68D-7590B98EB39B}
		{68302991-D3D7-437E-A964-687862576162} = {827E0CD3-B72D-47B6-A68D-7590B98EB39B}
		{19DFD880-3E3D-4A36-81EF-AED47803ED85} = {827E0CD3-B72D-47B6-A68D-7590B98EB39B}
		{C6752A0A-49D6-483B-98A9-C9238C02B7BD} = {827E0CD3-B72D-47B6-A68D-7590B98EB39B}
		{60E23DCA-38CE-4460-B54A-99284C5F82B5} = {827E0CD3-B72D-47B6-A68D-7590B98EB39B}
		{D3FD8105-59CD-4E04-BB4C-1B4132E34AB4} = {827E0CD3-B72D-47B6-A68D-7590B98EB39B}
		{C2772988-9F14-4049-9EB1-F76A9E29B50A} = {827E0CD3-B72D-47B6-A68D-7590B98EB39B}
		{1E842AE5-4DE3-4C90-B71A-4D33FB2A8B6A} = {827E0CD3-B72D-47B6-A68D-7590B98EB39B}
		{81E31582-535F-4BC4-954D-B9C810FB46D3} = {827E0CD3-B72D-47B6-A68D-7590B98EB39B}
		{556CBF8B-2EF8-4135-8528-8681B8E4DCBD} = {827E0CD3-B72D-47B6-A68D-7590B98EB39B}
		{6A779A70-83B0-4084-8FDA-E83991857A84} = {827E0CD3-B72D-47B6-A68D-7590B98EB39B}
		{E377E380-D847-4F36-B1A8-B180AFBFB620} = {827E0CD3-B72D-47B6-A68D-7590B98EB39B}
		{992C497E-FE15-406E-A0DE-E1BC6AA427E1} = {0AB3BF05-4346-4AA6-1389-037BE0695223}
	EndGlobalSection
EndGlobal
